
Microsoft Visual Studio Solution File, Format Version 12.00
# Visual Studio Version 17
VisualStudioVersion = 17.11.35222.181
MinimumVisualStudioVersion = 10.0.40219.1
Project("{9A19103F-16F7-4668-BE54-9A1E7A4F7556}") = "AwesomeShop.Services.Infrastructure", "AwesomeShop.Services.Infrastructure\AwesomeShop.Services.Infrastructure.csproj", "{77A9A32B-24E8-4433-BBCD-A457AA5E6FCB}"
EndProject
Project("{9A19103F-16F7-4668-BE54-9A1E7A4F7556}") = "AwesomeShop.Services.Application", "AwesomeShop.Services.Application\AwesomeShop.Services.Application.csproj", "{A0854F42-573C-4C9E-99CC-9D73FF7F7EFA}"
EndProject
Project("{9A19103F-16F7-4668-BE54-9A1E7A4F7556}") = "AwesomeShop.Services.Core", "AwesomeShop.Services.Core\AwesomeShop.Services.Core.csproj", "{B80364F9-EC5C-4CD9-A9C6-3972ABEBEE4B}"
EndProject
Project("{9A19103F-16F7-4668-BE54-9A1E7A4F7556}") = "AwesomeShop.Services.API", "AwesomeShop.Services.API\AwesomeShop.Services.API.csproj", "{80A00AD7-08CF-4B5F-9B18-89EFD519495E}"
EndProject
Project("{2150E333-8FDC-42A3-9474-1A3956D46DE8}") = "Solution Items", "Solution Items", "{1E49F391-8E85-4278-9B0A-2B33CBEC80A6}"
	ProjectSection(SolutionItems) = preProject
		docker-compose.yml = docker-compose.yml
	EndProjectSection
EndProject
Global
	GlobalSection(SolutionConfigurationPlatforms) = preSolution
		Debug|Any CPU = Debug|Any CPU
		Release|Any CPU = Release|Any CPU
	EndGlobalSection
	GlobalSection(ProjectConfigurationPlatforms) = postSolution
		{77A9A32B-24E8-4433-BBCD-A457AA5E6FCB}.Debug|Any CPU.ActiveCfg = Debug|Any CPU
		{77A9A32B-24E8-4433-BBCD-A457AA5E6FCB}.Debug|Any CPU.Build.0 = Debug|Any CPU
		{77A9A32B-24E8-4433-BBCD-A457AA5E6FCB}.Release|Any CPU.ActiveCfg = Release|Any CPU
		{77A9A32B-24E8-4433-BBCD-A457AA5E6FCB}.Release|Any CPU.Build.0 = Release|Any CPU
		{A0854F42-573C-4C9E-99CC-9D73FF7F7EFA}.Debug|Any CPU.ActiveCfg = Debug|Any CPU
		{A0854F42-573C-4C9E-99CC-9D73FF7F7EFA}.Debug|Any CPU.Build.0 = Debug|Any CPU
		{A0854F42-573C-4C9E-99CC-9D73FF7F7EFA}.Release|Any CPU.ActiveCfg = Release|Any CPU
		{A0854F42-573C-4C9E-99CC-9D73FF7F7EFA}.Release|Any CPU.Build.0 = Release|Any CPU
		{B80364F9-EC5C-4CD9-A9C6-3972ABEBEE4B}.Debug|Any CPU.ActiveCfg = Debug|Any CPU
		{B80364F9-EC5C-4CD9-A9C6-3972ABEBEE4B}.Debug|Any CPU.Build.0 = Debug|Any CPU
		{B80364F9-EC5C-4CD9-A9C6-3972ABEBEE4B}.Release|Any CPU.ActiveCfg = Release|Any CPU
		{B80364F9-EC5C-4CD9-A9C6-3972ABEBEE4B}.Release|Any CPU.Build.0 = Release|Any CPU
		{80A00AD7-08CF-4B5F-9B18-89EFD519495E}.Debug|Any CPU.ActiveCfg = Debug|Any CPU
		{80A00AD7-08CF-4B5F-9B18-89EFD519495E}.Debug|Any CPU.Build.0 = Debug|Any CPU
		{80A00AD7-08CF-4B5F-9B18-89EFD519495E}.Release|Any CPU.ActiveCfg = Release|Any CPU
		{80A00AD7-08CF-4B5F-9B18-89EFD519495E}.Release|Any CPU.Build.0 = Release|Any CPU
	EndGlobalSection
	GlobalSection(SolutionProperties) = preSolution
		HideSolutionNode = FALSE
	EndGlobalSection
	GlobalSection(ExtensibilityGlobals) = postSolution
		SolutionGuid = {718C5599-65ED-4405-994A-6FCFE6FEB4CC}
	EndGlobalSection
EndGlobal
